// !$*UTF8*$!
{
	archiveVersion = 1;
	classes = {
	};
	objectVersion = 46;
	objects = {

/* Begin PBXBuildFile section */
		656A3A101C23F4390007EC45 /* main.m in Sources */ = {isa = PBXBuildFile; fileRef = 656A3A0F1C23F4390007EC45 /* main.m */; };
		656A3A131C23F4390007EC45 /* AppDelegate.m in Sources */ = {isa = PBXBuildFile; fileRef = 656A3A121C23F4390007EC45 /* AppDelegate.m */; };
		656A3A161C23F4390007EC45 /* ViewController.m in Sources */ = {isa = PBXBuildFile; fileRef = 656A3A151C23F4390007EC45 /* ViewController.m */; };
		656A3A191C23F4390007EC45 /* Main.storyboard in Resources */ = {isa = PBXBuildFile; fileRef = 656A3A171C23F4390007EC45 /* Main.storyboard */; };
		656A3A1B1C23F4390007EC45 /* Assets.xcassets in Resources */ = {isa = PBXBuildFile; fileRef = 656A3A1A1C23F4390007EC45 /* Assets.xcassets */; };
		656A3A1E1C23F4390007EC45 /* LaunchScreen.storyboard in Resources */ = {isa = PBXBuildFile; fileRef = 656A3A1C1C23F4390007EC45 /* LaunchScreen.storyboard */; };
		656A3A291C23F4390007EC45 /* ZYLeftSliderTests.m in Sources */ = {isa = PBXBuildFile; fileRef = 656A3A281C23F4390007EC45 /* ZYLeftSliderTests.m */; };
		656A3A341C23F4390007EC45 /* ZYLeftSliderUITests.m in Sources */ = {isa = PBXBuildFile; fileRef = 656A3A331C23F4390007EC45 /* ZYLeftSliderUITests.m */; };
/* End PBXBuildFile section */

/* Begin PBXContainerItemProxy section */
		656A3A251C23F4390007EC45 /* PBXContainerItemProxy */ = {
			isa = PBXContainerItemProxy;
			containerPortal = 656A3A031C23F4390007EC45 /* Project object */;
			proxyType = 1;
			remoteGlobalIDString = 656A3A0A1C23F4390007EC45;
			remoteInfo = ZYLeftSlider;
		};
		656A3A301C23F4390007EC45 /* PBXContainerItemProxy */ = {
			isa = PBXContainerItemProxy;
			containerPortal = 656A3A031C23F4390007EC45 /* Project object */;
			proxyType = 1;
			remoteGlobalIDString = 656A3A0A1C23F4390007EC45;
			remoteInfo = ZYLeftSlider;
		};
/* End PBXContainerItemProxy section */

/* Begin PBXFileReference section */
		656A3A0B1C23F4390007EC45 /* ZYLeftSlider.app */ = {isa = PBXFileReference; explicitFileType = wrapper.application; includeInIndex = 0; path = ZYLeftSlider.app; sourceTree = BUILT_PRODUCTS_DIR; };
		656A3A0F1C23F4390007EC45 /* main.m */ = {isa = PBXFileReference; lastKnownFileType = sourcecode.c.objc; path = main.m; sourceTree = "<group>"; };
		656A3A111C23F4390007EC45 /* AppDelegate.h */ = {isa = PBXFileReference; lastKnownFileType = sourcecode.c.h; path = AppDelegate.h; sourceTree = "<group>"; };
		656A3A121C23F4390007EC45 /* AppDelegate.m */ = {isa = PBXFileReference; lastKnownFileType = sourcecode.c.objc; path = AppDelegate.m; sourceTree = "<group>"; };
		656A3A141C23F4390007EC45 /* ViewController.h */ = {isa = PBXFileReference; lastKnownFileType = sourcecode.c.h; path = ViewController.h; sourceTree = "<group>"; };
		656A3A151C23F4390007EC45 /* ViewController.m */ = {isa = PBXFileReference; lastKnownFileType = sourcecode.c.objc; path = ViewController.m; sourceTree = "<group>"; };
		656A3A181C23F4390007EC45 /* Base */ = {isa = PBXFileReference; lastKnownFileType = file.storyboard; name = Base; path = Base.lproj/Main.storyboard; sourceTree = "<group>"; };
		656A3A1A1C23F4390007EC45 /* Assets.xcassets */ = {isa = PBXFileReference; lastKnownFileType = folder.assetcatalog; path = Assets.xcassets; sourceTree = "<group>"; };
		656A3A1D1C23F4390007EC45 /* Base */ = {isa = PBXFileReference; lastKnownFileType = file.storyboard; name = Base; path = Base.lproj/LaunchScreen.storyboard; sourceTree = "<group>"; };
		656A3A1F1C23F4390007EC45 /* Info.plist */ = {isa = PBXFileReference; lastKnownFileType = text.plist.xml; path = Info.plist; sourceTree = "<group>"; };
		656A3A241C23F4390007EC45 /* ZYLeftSliderTests.xctest */ = {isa = PBXFileReference; explicitFileType = wrapper.cfbundle; includeInIndex = 0; path = ZYLeftSliderTests.xctest; sourceTree = BUILT_PRODUCTS_DIR; };
		656A3A281C23F4390007EC45 /* ZYLeftSliderTests.m */ = {isa = PBXFileReference; lastKnownFileType = sourcecode.c.objc; path = ZYLeftSliderTests.m; sourceTree = "<group>"; };
		656A3A2A1C23F4390007EC45 /* Info.plist */ = {isa = PBXFileReference; lastKnownFileType = text.plist.xml; path = Info.plist; sourceTree = "<group>"; };
		656A3A2F1C23F4390007EC45 /* ZYLeftSliderUITests.xctest */ = {isa = PBXFileReference; explicitFileType = wrapper.cfbundle; includeInIndex = 0; path = ZYLeftSliderUITests.xctest; sourceTree = BUILT_PRODUCTS_DIR; };
		656A3A331C23F4390007EC45 /* ZYLeftSliderUITests.m */ = {isa = PBXFileReference; lastKnownFileType = sourcecode.c.objc; path = ZYLeftSliderUITests.m; sourceTree = "<group>"; };
		656A3A351C23F4390007EC45 /* Info.plist */ = {isa = PBXFileReference; lastKnownFileType = text.plist.xml; path = Info.plist; sourceTree = "<group>"; };
/* End PBXFileReference section */

/* Begin PBXFrameworksBuildPhase section */
		656A3A081C23F4390007EC45 /* Frameworks */ = {
			isa = PBXFrameworksBuildPhase;
			buildActionMask = 2147483647;
			files = (
			);
			runOnlyForDeploymentPostprocessing = 0;
		};
		656A3A211C23F4390007EC45 /* Frameworks */ = {
			isa = PBXFrameworksBuildPhase;
			buildActionMask = 2147483647;
			files = (
			);
			runOnlyForDeploymentPostprocessing = 0;
		};
		656A3A2C1C23F4390007EC45 /* Frameworks */ = {
			isa = PBXFrameworksBuildPhase;
			buildActionMask = 2147483647;
			files = (
			);
			runOnlyForDeploymentPostprocessing = 0;
		};
/* End PBXFrameworksBuildPhase section */

/* Begin PBXGroup section */
		656A3A021C23F4390007EC45 = {
			isa = PBXGroup;
			children = (
				656A3A0D1C23F4390007EC45 /* ZYLeftSlider */,
				656A3A271C23F4390007EC45 /* ZYLeftSliderTests */,
				656A3A321C23F4390007EC45 /* ZYLeftSliderUITests */,
				656A3A0C1C23F4390007EC45 /* Products */,
			);
			sourceTree = "<group>";
		};
		656A3A0C1C23F4390007EC45 /* Products */ = {
			isa = PBXGroup;
			children = (
				656A3A0B1C23F4390007EC45 /* ZYLeftSlider.app */,
				656A3A241C23F4390007EC45 /* ZYLeftSliderTests.xctest */,
				656A3A2F1C23F4390007EC45 /* ZYLeftSliderUITests.xctest */,
			);
			name = Products;
			sourceTree = "<group>";
		};
		656A3A0D1C23F4390007EC45 /* ZYLeftSlider */ = {
			isa = PBXGroup;
			children = (
				656A3A111C23F4390007EC45 /* AppDelegate.h */,
				656A3A121C23F4390007EC45 /* AppDelegate.m */,
				656A3A141C23F4390007EC45 /* ViewController.h */,
				656A3A151C23F4390007EC45 /* ViewController.m */,
				656A3A171C23F4390007EC45 /* Main.storyboard */,
				656A3A1A1C23F4390007EC45 /* Assets.xcassets */,
				656A3A1C1C23F4390007EC45 /* LaunchScreen.storyboard */,
				656A3A1F1C23F4390007EC45 /* Info.plist */,
				656A3A0E1C23F4390007EC45 /* Supporting Files */,
			);
			path = ZYLeftSlider;
			sourceTree = "<group>";
		};
		656A3A0E1C23F4390007EC45 /* Supporting Files */ = {
			isa = PBXGroup;
			children = (
				656A3A0F1C23F4390007EC45 /* main.m */,
			);
			name = "Supporting Files";
			sourceTree = "<group>";
		};
		656A3A271C23F4390007EC45 /* ZYLeftSliderTests */ = {
			isa = PBXGroup;
			children = (
				656A3A281C23F4390007EC45 /* ZYLeftSliderTests.m */,
				656A3A2A1C23F4390007EC45 /* Info.plist */,
			);
			path = ZYLeftSliderTests;
			sourceTree = "<group>";
		};
		656A3A321C23F4390007EC45 /* ZYLeftSliderUITests */ = {
			isa = PBXGroup;
			children = (
				656A3A331C23F4390007EC45 /* ZYLeftSliderUITests.m */,
				656A3A351C23F4390007EC45 /* Info.plist */,
			);
			path = ZYLeftSliderUITests;
			sourceTree = "<group>";
		};
/* End PBXGroup section */

/* Begin PBXNativeTarget section */
		656A3A0A1C23F4390007EC45 /* ZYLeftSlider */ = {
			isa = PBXNativeTarget;
			buildConfigurationList = 656A3A381C23F4390007EC45 /* Build configuration list for PBXNativeTarget "ZYLeftSlider" */;
			buildPhases = (
				656A3A071C23F4390007EC45 /* Sources */,
				656A3A081C23F4390007EC45 /* Frameworks */,
				656A3A091C23F4390007EC45 /* Resources */,
			);
			buildRules = (
			);
			dependencies = (
			);
			name = ZYLeftSlider;
			productName = ZYLeftSlider;
			productReference = 656A3A0B1C23F4390007EC45 /* ZYLeftSlider.app */;
			productType = "com.apple.product-type.application";
		};
		656A3A231C23F4390007EC45 /* ZYLeftSliderTests */ = {
			isa = PBXNativeTarget;
			buildConfigurationList = 656A3A3B1C23F4390007EC45 /* Build configuration list for PBXNativeTarget "ZYLeftSliderTests" */;
			buildPhases = (
				656A3A201C23F4390007EC45 /* Sources */,
				656A3A211C23F4390007EC45 /* Frameworks */,
				656A3A221C23F4390007EC45 /* Resources */,
			);
			buildRules = (
			);
			dependencies = (
				656A3A261C23F4390007EC45 /* PBXTargetDependency */,
			);
			name = ZYLeftSliderTests;
			productName = ZYLeftSliderTests;
			productReference = 656A3A241C23F4390007EC45 /* ZYLeftSliderTests.xctest */;
			productType = "com.apple.product-type.bundle.unit-test";
		};
		656A3A2E1C23F4390007EC45 /* ZYLeftSliderUITests */ = {
			isa = PBXNativeTarget;
			buildConfigurationList = 656A3A3E1C23F4390007EC45 /* Build configuration list for PBXNativeTarget "ZYLeftSliderUITests" */;
			buildPhases = (
				656A3A2B1C23F4390007EC45 /* Sources */,
				656A3A2C1C23F4390007EC45 /* Frameworks */,
				656A3A2D1C23F4390007EC45 /* Resources */,
			);
			buildRules = (
			);
			dependencies = (
				656A3A311C23F4390007EC45 /* PBXTargetDependency */,
			);
			name = ZYLeftSliderUITests;
			productName = ZYLeftSliderUITests;
			productReference = 656A3A2F1C23F4390007EC45 /* ZYLeftSliderUITests.xctest */;
			productType = "com.apple.product-type.bundle.ui-testing";
		};
/* End PBXNativeTarget section */

/* Begin PBXProject section */
		656A3A031C23F4390007EC45 /* Project object */ = {
			isa = PBXProject;
			attributes = {
				LastUpgradeCheck = 0700;
				ORGANIZATIONNAME = Daniel;
				TargetAttributes = {
					656A3A0A1C23F4390007EC45 = {
						CreatedOnToolsVersion = 7.0;
					};
					656A3A231C23F4390007EC45 = {
						CreatedOnToolsVersion = 7.0;
						TestTargetID = 656A3A0A1C23F4390007EC45;
					};
					656A3A2E1C23F4390007EC45 = {
						CreatedOnToolsVersion = 7.0;
						TestTargetID = 656A3A0A1C23F4390007EC45;
					};
				};
			};
			buildConfigurationList = 656A3A061C23F4390007EC45 /* Build configuration list for PBXProject "ZYLeftSlider" */;
			compatibilityVersion = "Xcode 3.2";
			developmentRegion = English;
			hasScannedForEncodings = 0;
			knownRegions = (
				en,
				Base,
			);
			mainGroup = 656A3A021C23F4390007EC45;
			productRefGroup = 656A3A0C1C23F4390007EC45 /* Products */;
			projectDirPath = "";
			projectRoot = "";
			targets = (
				656A3A0A1C23F4390007EC45 /* ZYLeftSlider */,
				656A3A231C23F4390007EC45 /* ZYLeftSliderTests */,
				656A3A2E1C23F4390007EC45 /* ZYLeftSliderUITests */,
			);
		};
/* End PBXProject section */

/* Begin PBXResourcesBuildPhase section */
		656A3A091C23F4390007EC45 /* Resources */ = {
			isa = PBXResourcesBuildPhase;
			buildActionMask = 2147483647;
			files = (
				656A3A1E1C23F4390007EC45 /* LaunchScreen.storyboard in Resources */,
				656A3A1B1C23F4390007EC45 /* Assets.xcassets in Resources */,
				656A3A191C23F4390007EC45 /* Main.storyboard in Resources */,
			);
			runOnlyForDeploymentPostprocessing = 0;
		};
		656A3A221C23F4390007EC45 /* Resources */ = {
			isa = PBXResourcesBuildPhase;
			buildActionMask = 2147483647;
			files = (
			);
			runOnlyForDeploymentPostprocessing = 0;
		};
		656A3A2D1C23F4390007EC45 /* Resources */ = {
			isa = PBXResourcesBuildPhase;
			buildActionMask = 2147483647;
			files = (
			);
			runOnlyForDeploymentPostprocessing = 0;
		};
/* End PBXResourcesBuildPhase section */

/* Begin PBXSourcesBuildPhase section */
		656A3A071C23F4390007EC45 /* Sources */ = {
			isa = PBXSourcesBuildPhase;
			buildActionMask = 2147483647;
			files = (
				656A3A161C23F4390007EC45 /* ViewController.m in Sources */,
				656A3A131C23F4390007EC45 /* AppDelegate.m in Sources */,
				656A3A101C23F4390007EC45 /* main.m in Sources */,
			);
			runOnlyForDeploymentPostprocessing = 0;
		};
		656A3A201C23F4390007EC45 /* Sources */ = {
			isa = PBXSourcesBuildPhase;
			buildActionMask = 2147483647;
			files = (
				656A3A291C23F4390007EC45 /* ZYLeftSliderTests.m in Sources */,
			);
			runOnlyForDeploymentPostprocessing = 0;
		};
		656A3A2B1C23F4390007EC45 /* Sources */ = {
			isa = PBXSourcesBuildPhase;
			buildActionMask = 2147483647;
			files = (
				656A3A341C23F4390007EC45 /* ZYLeftSliderUITests.m in Sources */,
			);
			runOnlyForDeploymentPostprocessing = 0;
		};
/* End PBXSourcesBuildPhase section */

/* Begin PBXTargetDependency section */
		656A3A261C23F4390007EC45 /* PBXTargetDependency */ = {
			isa = PBXTargetDependency;
			target = 656A3A0A1C23F4390007EC45 /* ZYLeftSlider */;
			targetProxy = 656A3A251C23F4390007EC45 /* PBXContainerItemProxy */;
		};
		656A3A311C23F4390007EC45 /* PBXTargetDependency */ = {
			isa = PBXTargetDependency;
			target = 656A3A0A1C23F4390007EC45 /* ZYLeftSlider */;
			targetProxy = 656A3A301C23F4390007EC45 /* PBXContainerItemProxy */;
		};
/* End PBXTargetDependency section */

/* Begin PBXVariantGroup section */
		656A3A171C23F4390007EC45 /* Main.storyboard */ = {
			isa = PBXVariantGroup;
			children = (
				656A3A181C23F4390007EC45 /* Base */,
			);
			name = Main.storyboard;
			sourceTree = "<group>";
		};
		656A3A1C1C23F4390007EC45 /* LaunchScreen.storyboard */ = {
			isa = PBXVariantGroup;
			children = (
				656A3A1D1C23F4390007EC45 /* Base */,
			);
			name = LaunchScreen.storyboard;
			sourceTree = "<group>";
		};
/* End PBXVariantGroup section */

/* Begin XCBuildConfiguration section */
		656A3A361C23F4390007EC45 /* Debug */ = {
			isa = XCBuildConfiguration;
			buildSettings = {
				ALWAYS_SEARCH_USER_PATHS = NO;
				CLANG_CXX_LANGUAGE_STANDARD = "gnu++0x";
				CLANG_CXX_LIBRARY = "libc++";
				CLANG_ENABLE_MODULES = YES;
				CLANG_ENABLE_OBJC_ARC = YES;
				CLANG_WARN_BOOL_CONVERSION = YES;
				CLANG_WARN_CONSTANT_CONVERSION = YES;
				CLANG_WARN_DIRECT_OBJC_ISA_USAGE = YES_ERROR;
				CLANG_WARN_EMPTY_BODY = YES;
				CLANG_WARN_ENUM_CONVERSION = YES;
				CLANG_WARN_INT_CONVERSION = YES;
				CLANG_WARN_OBJC_ROOT_CLASS = YES_ERROR;
				CLANG_WARN_UNREACHABLE_CODE = YES;
				CLANG_WARN__DUPLICATE_METHOD_MATCH = YES;
				"CODE_SIGN_IDENTITY[sdk=iphoneos*]" = "iPhone Developer";
				COPY_PHASE_STRIP = NO;
				DEBUG_INFORMATION_FORMAT = dwarf;
				ENABLE_STRICT_OBJC_MSGSEND = YES;
				ENABLE_TESTABILITY = YES;
				GCC_C_LANGUAGE_STANDARD = gnu99;
				GCC_DYNAMIC_NO_PIC = NO;
				GCC_NO_COMMON_BLOCKS = YES;
				GCC_OPTIMIZATION_LEVEL = 0;
				GCC_PREPROCESSOR_DEFINITIONS = (
					"DEBUG=1",
					"$(inherited)",
				);
				GCC_WARN_64_TO_32_BIT_CONVERSION = YES;
				GCC_WARN_ABOUT_RETURN_TYPE = YES_ERROR;
				GCC_WARN_UNDECLARED_SELECTOR = YES;
				GCC_WARN_UNINITIALIZED_AUTOS = YES_AGGRESSIVE;
				GCC_WARN_UNUSED_FUNCTION = YES;
				GCC_WARN_UNUSED_VARIABLE = YES;
				IPHONEOS_DEPLOYMENT_TARGET = 9.0;
				MTL_ENABLE_DEBUG_INFO = YES;
				ONLY_ACTIVE_ARCH = YES;
				SDKROOT = iphoneos;
			};
			name = Debug;
		};
		656A3A371C23F4390007EC45 /* Release */ = {
			isa = XCBuildConfiguration;
			buildSettings = {
				ALWAYS_SEARCH_USER_PATHS = NO;
				CLANG_CXX_LANGUAGE_STANDARD = "gnu++0x";
				CLANG_CXX_LIBRARY = "libc++";
				CLANG_ENABLE_MODULES = YES;
				CLANG_ENABLE_OBJC_ARC = YES;
				CLANG_WARN_BOOL_CONVERSION = YES;
				CLANG_WARN_CONSTANT_CONVERSION = YES;
				CLANG_WARN_DIRECT_OBJC_ISA_USAGE = YES_ERROR;
				CLANG_WARN_EMPTY_BODY = YES;
				CLANG_WARN_ENUM_CONVERSION = YES;
				CLANG_WARN_INT_CONVERSION = YES;
				CLANG_WARN_OBJC_ROOT_CLASS = YES_ERROR;
				CLANG_WARN_UNREACHABLE_CODE = YES;
				CLANG_WARN__DUPLICATE_METHOD_MATCH = YES;
				"CODE_SIGN_IDENTITY[sdk=iphoneos*]" = "iPhone Developer";
				COPY_PHASE_STRIP = NO;
				DEBUG_INFORMATION_FORMAT = "dwarf-with-dsym";
				ENABLE_NS_ASSERTIONS = NO;
				ENABLE_STRICT_OBJC_MSGSEND = YES;
				GCC_C_LANGUAGE_STANDARD = gnu99;
				GCC_NO_COMMON_BLOCKS = YES;
				GCC_WARN_64_TO_32_BIT_CONVERSION = YES;
				GCC_WARN_ABOUT_RETURN_TYPE = YES_ERROR;
				GCC_WARN_UNDECLARED_SELECTOR = YES;
				GCC_WARN_UNINITIALIZED_AUTOS = YES_AGGRESSIVE;
				GCC_WARN_UNUSED_FUNCTION = YES;
				GCC_WARN_UNUSED_VARIABLE = YES;
				IPHONEOS_DEPLOYMENT_TARGET = 9.0;
				MTL_ENABLE_DEBUG_INFO = NO;
				SDKROOT = iphoneos;
				VALIDATE_PRODUCT = YES;
			};
			name = Release;
		};
		656A3A391C23F4390007EC45 /* Debug */ = {
			isa = XCBuildConfiguration;
			buildSettings = {
				ASSETCATALOG_COMPILER_APPICON_NAME = AppIcon;
				INFOPLIST_FILE = ZYLeftSlider/Info.plist;
				LD_RUNPATH_SEARCH_PATHS = "$(inherited) @executable_path/Frameworks";
				PRODUCT_BUNDLE_IDENTIFIER = "Yanyinghenmei-com.github.ZYLeftSlider";
				PRODUCT_NAME = "$(TARGET_NAME)";
			};
			name = Debug;
		};
		656A3A3A1C23F4390007EC45 /* Release */ = {
			isa = XCBuildConfiguration;
			buildSettings = {
				ASSETCATALOG_COMPILER_APPICON_NAME = AppIcon;
				INFOPLIST_FILE = ZYLeftSlider/Info.plist;
				LD_RUNPATH_SEARCH_PATHS = "$(inherited) @executable_path/Frameworks";
				PRODUCT_BUNDLE_IDENTIFIER = "Yanyinghenmei-com.github.ZYLeftSlider";
				PRODUCT_NAME = "$(TARGET_NAME)";
			};
			name = Release;
		};
		656A3A3C1C23F4390007EC45 /* Debug */ = {
			isa = XCBuildConfiguration;
			buildSettings = {
				BUNDLE_LOADER = "$(TEST_HOST)";
				INFOPLIST_FILE = ZYLeftSliderTests/Info.plist;
				LD_RUNPATH_SEARCH_PATHS = "$(inherited) @executable_path/Frameworks @loader_path/Frameworks";
				PRODUCT_BUNDLE_IDENTIFIER = "Yanyinghenmei-com.github.ZYLeftSliderTests";
				PRODUCT_NAME = "$(TARGET_NAME)";
				TEST_HOST = "$(BUILT_PRODUCTS_DIR)/ZYLeftSlider.app/ZYLeftSlider";
			};
			name = Debug;
		};
		656A3A3D1C23F4390007EC45 /* Release */ = {
			isa = XCBuildConfiguration;
			buildSettings = {
				BUNDLE_LOADER = "$(TEST_HOST)";
				INFOPLIST_FILE = ZYLeftSliderTests/Info.plist;
				LD_RUNPATH_SEARCH_PATHS = "$(inherited) @executable_path/Frameworks @loader_path/Frameworks";
				PRODUCT_BUNDLE_IDENTIFIER = "Yanyinghenmei-com.github.ZYLeftSliderTests";
				PRODUCT_NAME = "$(TARGET_NAME)";
				TEST_HOST = "$(BUILT_PRODUCTS_DIR)/ZYLeftSlider.app/ZYLeftSlider";
			};
			name = Release;
		};
		656A3A3F1C23F4390007EC45 /* Debug */ = {
			isa = XCBuildConfiguration;
			buildSettings = {
				INFOPLIST_FILE = ZYLeftSliderUITests/Info.plist;
				LD_RUNPATH_SEARCH_PATHS = "$(inherited) @executable_path/Frameworks @loader_path/Frameworks";
				PRODUCT_BUNDLE_IDENTIFIER = "Yanyinghenmei-com.github.ZYLeftSliderUITests";
				PRODUCT_NAME = "$(TARGET_NAME)";
				TEST_TARGET_NAME = ZYLeftSlider;
				USES_XCTRUNNER = YES;
			};
			name = Debug;
		};
		656A3A401C23F4390007EC45 /* Release */ = {
			isa = XCBuildConfiguration;
			buildSettings = {
				INFOPLIST_FILE = ZYLeftSliderUITests/Info.plist;
				LD_RUNPATH_SEARCH_PATHS = "$(inherited) @executable_path/Frameworks @loader_path/Frameworks";
				PRODUCT_BUNDLE_IDENTIFIER = "Yanyinghenmei-com.github.ZYLeftSliderUITests";
				PRODUCT_NAME = "$(TARGET_NAME)";
				TEST_TARGET_NAME = ZYLeftSlider;
				USES_XCTRUNNER = YES;
			};
			name = Release;
		};
/* End XCBuildConfiguration section */

/* Begin XCConfigurationList section */
		656A3A061C23F4390007EC45 /* Build configuration list for PBXProject "ZYLeftSlider" */ = {
			isa = XCConfigurationList;
			buildConfigurations = (
				656A3A361C23F4390007EC45 /* Debug */,
				656A3A371C23F4390007EC45 /* Release */,
			);
			defaultConfigurationIsVisible = 0;
			defaultConfigurationName = Release;
		};
		656A3A381C23F4390007EC45 /* Build configuration list for PBXNativeTarget "ZYLeftSlider" */ = {
			isa = XCConfigurationList;
			buildConfigurations = (
				656A3A391C23F4390007EC45 /* Debug */,
				656A3A3A1C23F4390007EC45 /* Release */,
			);
			defaultConfigurationIsVisible = 0;
		};
		656A3A3B1C23F4390007EC45 /* Build configuration list for PBXNativeTarget "ZYLeftSliderTests" */ = {
			isa = XCConfigurationList;
			buildConfigurations = (
				656A3A3C1C23F4390007EC45 /* Debug */,
				656A3A3D1C23F4390007EC45 /* Release */,
			);
			defaultConfigurationIsVisible = 0;
		};
		656A3A3E1C23F4390007EC45 /* Build configuration list for PBXNativeTarget "ZYLeftSliderUITests" */ = {
			isa = XCConfigurationList;
			buildConfigurations = (
				656A3A3F1C23F4390007EC45 /* Debug */,
				656A3A401C23F4390007EC45 /* Release */,
			);
			defaultConfigurationIsVisible = 0;
		};
/* End XCConfigurationList section */
	};
	rootObject = 656A3A031C23F4390007EC45 /* Project object */;
}
